
Microsoft Visual Studio Solution File, Format Version 12.00
# Visual Studio 15
VisualStudioVersion = 15.0.27703.2026
MinimumVisualStudioVersion = 10.0.40219.1
Project("{F2A71F9B-5D33-465A-A702-920D77279786}") = "RedeRebelde", "RedeRebelde\RedeRebelde.fsproj", "{68AA8DF3-109E-4681-9D93-6A70D229D101}"
EndProject
Project("{FAE04EC0-301F-11D3-BF4B-00C04F79EFBC}") = "RedeRebelde.App.OpenGL", "RedeRebelde.App.OpenGL\RedeRebelde.App.OpenGL.csproj", "{43C31DA2-CF66-40AB-B0FF-B440BC7BB117}"
EndProject
Project("{F2A71F9B-5D33-465A-A702-920D77279786}") = "RedeRebelde.App.Custom", "RedeRebelde.App.Custom\RedeRebelde.App.Custom.fsproj", "{F2CC63C7-B3F9-4BF4-8A62-6AB02C45ECFC}"
EndProject
Global
	GlobalSection(SolutionConfigurationPlatforms) = preSolution
		Debug|Any CPU = Debug|Any CPU
		Debug|x86 = Debug|x86
		Release|Any CPU = Release|Any CPU
		Release|x86 = Release|x86
	EndGlobalSection
	GlobalSection(ProjectConfigurationPlatforms) = postSolution
		{68AA8DF3-109E-4681-9D93-6A70D229D101}.Debug|Any CPU.ActiveCfg = Debug|Any CPU
		{68AA8DF3-109E-4681-9D93-6A70D229D101}.Debug|Any CPU.Build.0 = Debug|Any CPU
		{68AA8DF3-109E-4681-9D93-6A70D229D101}.Debug|x86.ActiveCfg = Debug|Any CPU
		{68AA8DF3-109E-4681-9D93-6A70D229D101}.Debug|x86.Build.0 = Debug|Any CPU
		{68AA8DF3-109E-4681-9D93-6A70D229D101}.Release|Any CPU.ActiveCfg = Release|Any CPU
		{68AA8DF3-109E-4681-9D93-6A70D229D101}.Release|Any CPU.Build.0 = Release|Any CPU
		{68AA8DF3-109E-4681-9D93-6A70D229D101}.Release|x86.ActiveCfg = Release|Any CPU
		{68AA8DF3-109E-4681-9D93-6A70D229D101}.Release|x86.Build.0 = Release|Any CPU
		{43C31DA2-CF66-40AB-B0FF-B440BC7BB117}.Debug|Any CPU.ActiveCfg = Debug|Any CPU
		{43C31DA2-CF66-40AB-B0FF-B440BC7BB117}.Debug|Any CPU.Build.0 = Debug|Any CPU
		{43C31DA2-CF66-40AB-B0FF-B440BC7BB117}.Debug|x86.ActiveCfg = Debug|Any CPU
		{43C31DA2-CF66-40AB-B0FF-B440BC7BB117}.Debug|x86.Build.0 = Debug|Any CPU
		{43C31DA2-CF66-40AB-B0FF-B440BC7BB117}.Release|Any CPU.ActiveCfg = Release|Any CPU
		{43C31DA2-CF66-40AB-B0FF-B440BC7BB117}.Release|Any CPU.Build.0 = Release|Any CPU
		{43C31DA2-CF66-40AB-B0FF-B440BC7BB117}.Release|x86.ActiveCfg = Release|Any CPU
		{43C31DA2-CF66-40AB-B0FF-B440BC7BB117}.Release|x86.Build.0 = Release|Any CPU
		{F2CC63C7-B3F9-4BF4-8A62-6AB02C45ECFC}.Debug|Any CPU.ActiveCfg = Debug|Any CPU
		{F2CC63C7-B3F9-4BF4-8A62-6AB02C45ECFC}.Debug|Any CPU.Build.0 = Debug|Any CPU
		{F2CC63C7-B3F9-4BF4-8A62-6AB02C45ECFC}.Debug|x86.ActiveCfg = Debug|Any CPU
		{F2CC63C7-B3F9-4BF4-8A62-6AB02C45ECFC}.Debug|x86.Build.0 = Debug|Any CPU
		{F2CC63C7-B3F9-4BF4-8A62-6AB02C45ECFC}.Release|Any CPU.ActiveCfg = Release|Any CPU
		{F2CC63C7-B3F9-4BF4-8A62-6AB02C45ECFC}.Release|Any CPU.Build.0 = Release|Any CPU
		{F2CC63C7-B3F9-4BF4-8A62-6AB02C45ECFC}.Release|x86.ActiveCfg = Release|Any CPU
		{F2CC63C7-B3F9-4BF4-8A62-6AB02C45ECFC}.Release|x86.Build.0 = Release|Any CPU
	EndGlobalSection
	GlobalSection(SolutionProperties) = preSolution
		HideSolutionNode = FALSE
	EndGlobalSection
	GlobalSection(ExtensibilityGlobals) = postSolution
		SolutionGuid = {535247F9-2A15-4006-91F9-FFA22C5F09F4}
	EndGlobalSection
EndGlobal
